// !$*UTF8*$!
{
	archiveVersion = 1;
	classes = {
	};
	objectVersion = 46;
	objects = {

/* Begin PBXBuildFile section */
		8EDD6F7B1C89C5BE00C61D7F /* AppDelegate.swift in Sources */ = {isa = PBXBuildFile; fileRef = 8EDD6F7A1C89C5BE00C61D7F /* AppDelegate.swift */; };
		8EDD6F9B1C8D936900C61D7F /* 001_TwoSum.swift in Sources */ = {isa = PBXBuildFile; fileRef = 8EDD6F9A1C8D936900C61D7F /* 001_TwoSum.swift */; };
		8EDD6FA11C8D93DC00C61D7F /* 001_TwoSumTests.swift in Sources */ = {isa = PBXBuildFile; fileRef = 8EDD6FA01C8D93DC00C61D7F /* 001_TwoSumTests.swift */; };
/* End PBXBuildFile section */

/* Begin PBXContainerItemProxy section */
		8EDD6F8C1C89C5BF00C61D7F /* PBXContainerItemProxy */ = {
			isa = PBXContainerItemProxy;
			containerPortal = 8EDD6F6F1C89C5BE00C61D7F /* Project object */;
			proxyType = 1;
			remoteGlobalIDString = 8EDD6F761C89C5BE00C61D7F;
			remoteInfo = "LeetCode-Algorithms";
		};
/* End PBXContainerItemProxy section */

/* Begin PBXFileReference section */
		8EDD6F771C89C5BE00C61D7F /* LeetCode-Algorithms.app */ = {isa = PBXFileReference; explicitFileType = wrapper.application; includeInIndex = 0; path = "LeetCode-Algorithms.app"; sourceTree = BUILT_PRODUCTS_DIR; };
		8EDD6F7A1C89C5BE00C61D7F /* AppDelegate.swift */ = {isa = PBXFileReference; lastKnownFileType = sourcecode.swift; path = AppDelegate.swift; sourceTree = "<group>"; };
		8EDD6F861C89C5BE00C61D7F /* Info.plist */ = {isa = PBXFileReference; lastKnownFileType = text.plist.xml; path = Info.plist; sourceTree = "<group>"; };
		8EDD6F8B1C89C5BF00C61D7F /* LeetCode-AlgorithmsTests.xctest */ = {isa = PBXFileReference; explicitFileType = wrapper.cfbundle; includeInIndex = 0; path = "LeetCode-AlgorithmsTests.xctest"; sourceTree = BUILT_PRODUCTS_DIR; };
		8EDD6F911C89C5BF00C61D7F /* Info.plist */ = {isa = PBXFileReference; lastKnownFileType = text.plist.xml; path = Info.plist; sourceTree = "<group>"; };
		8EDD6F9A1C8D936900C61D7F /* 001_TwoSum.swift */ = {isa = PBXFileReference; fileEncoding = 4; lastKnownFileType = sourcecode.swift; path = 001_TwoSum.swift; sourceTree = "<group>"; };
		8EDD6F9F1C8D93DB00C61D7F /* LeetCode-AlgorithmsTests-Bridging-Header.h */ = {isa = PBXFileReference; lastKnownFileType = sourcecode.c.h; path = "LeetCode-AlgorithmsTests-Bridging-Header.h"; sourceTree = "<group>"; };
		8EDD6FA01C8D93DC00C61D7F /* 001_TwoSumTests.swift */ = {isa = PBXFileReference; fileEncoding = 4; lastKnownFileType = sourcecode.swift; path = 001_TwoSumTests.swift; sourceTree = "<group>"; };
/* End PBXFileReference section */

/* Begin PBXFrameworksBuildPhase section */
		8EDD6F741C89C5BE00C61D7F /* Frameworks */ = {
			isa = PBXFrameworksBuildPhase;
			buildActionMask = 2147483647;
			files = (
			);
			runOnlyForDeploymentPostprocessing = 0;
		};
		8EDD6F881C89C5BE00C61D7F /* Frameworks */ = {
			isa = PBXFrameworksBuildPhase;
			buildActionMask = 2147483647;
			files = (
			);
			runOnlyForDeploymentPostprocessing = 0;
		};
/* End PBXFrameworksBuildPhase section */

/* Begin PBXGroup section */
		8EDD6F6E1C89C5BE00C61D7F = {
			isa = PBXGroup;
			children = (
				8EDD6F791C89C5BE00C61D7F /* LeetCode-Algorithms */,
				8EDD6F8E1C89C5BF00C61D7F /* LeetCode-AlgorithmsTests */,
				8EDD6F781C89C5BE00C61D7F /* Products */,
			);
			sourceTree = "<group>";
		};
		8EDD6F781C89C5BE00C61D7F /* Products */ = {
			isa = PBXGroup;
			children = (
				8EDD6F771C89C5BE00C61D7F /* LeetCode-Algorithms.app */,
				8EDD6F8B1C89C5BF00C61D7F /* LeetCode-AlgorithmsTests.xctest */,
			);
			name = Products;
			sourceTree = "<group>";
		};
		8EDD6F791C89C5BE00C61D7F /* LeetCode-Algorithms */ = {
			isa = PBXGroup;
			children = (
				8EDD6F7A1C89C5BE00C61D7F /* AppDelegate.swift */,
				8EDD6F861C89C5BE00C61D7F /* Info.plist */,
				8EDD6F9C1C8D936E00C61D7F /* Easy */,
				8EDD6F9D1C8D937300C61D7F /* Medium */,
				8EDD6F9E1C8D937700C61D7F /* Hard */,
			);
			path = "LeetCode-Algorithms";
			sourceTree = "<group>";
		};
		8EDD6F8E1C89C5BF00C61D7F /* LeetCode-AlgorithmsTests */ = {
			isa = PBXGroup;
			children = (
				8EDD6F9F1C8D93DB00C61D7F /* LeetCode-AlgorithmsTests-Bridging-Header.h */,
				8EDD6F911C89C5BF00C61D7F /* Info.plist */,
				8EDD6FA21C8D940400C61D7F /* Easy */,
				8EDD6FA31C8D940900C61D7F /* Medium */,
				8EDD6FA41C8D940C00C61D7F /* Hard */,
			);
			path = "LeetCode-AlgorithmsTests";
			sourceTree = "<group>";
		};
		8EDD6F9C1C8D936E00C61D7F /* Easy */ = {
			isa = PBXGroup;
			children = (
			);
			name = Easy;
			sourceTree = "<group>";
		};
		8EDD6F9D1C8D937300C61D7F /* Medium */ = {
			isa = PBXGroup;
			children = (
				8EDD6F9A1C8D936900C61D7F /* 001_TwoSum.swift */,
			);
			name = Medium;
			sourceTree = "<group>";
		};
		8EDD6F9E1C8D937700C61D7F /* Hard */ = {
			isa = PBXGroup;
			children = (
			);
			name = Hard;
			sourceTree = "<group>";
		};
		8EDD6FA21C8D940400C61D7F /* Easy */ = {
			isa = PBXGroup;
			children = (
			);
			name = Easy;
			sourceTree = "<group>";
		};
		8EDD6FA31C8D940900C61D7F /* Medium */ = {
			isa = PBXGroup;
			children = (
				8EDD6FA01C8D93DC00C61D7F /* 001_TwoSumTests.swift */,
			);
			name = Medium;
			sourceTree = "<group>";
		};
		8EDD6FA41C8D940C00C61D7F /* Hard */ = {
			isa = PBXGroup;
			children = (
			);
			name = Hard;
			sourceTree = "<group>";
		};
/* End PBXGroup section */

/* Begin PBXNativeTarget section */
		8EDD6F761C89C5BE00C61D7F /* LeetCode-Algorithms */ = {
			isa = PBXNativeTarget;
			buildConfigurationList = 8EDD6F941C89C5BF00C61D7F /* Build configuration list for PBXNativeTarget "LeetCode-Algorithms" */;
			buildPhases = (
				8EDD6F731C89C5BE00C61D7F /* Sources */,
				8EDD6F741C89C5BE00C61D7F /* Frameworks */,
				8EDD6F751C89C5BE00C61D7F /* Resources */,
			);
			buildRules = (
			);
			dependencies = (
			);
			name = "LeetCode-Algorithms";
			productName = "LeetCode-Algorithms";
			productReference = 8EDD6F771C89C5BE00C61D7F /* LeetCode-Algorithms.app */;
			productType = "com.apple.product-type.application";
		};
		8EDD6F8A1C89C5BE00C61D7F /* LeetCode-AlgorithmsTests */ = {
			isa = PBXNativeTarget;
			buildConfigurationList = 8EDD6F971C89C5BF00C61D7F /* Build configuration list for PBXNativeTarget "LeetCode-AlgorithmsTests" */;
			buildPhases = (
				8EDD6F871C89C5BE00C61D7F /* Sources */,
				8EDD6F881C89C5BE00C61D7F /* Frameworks */,
				8EDD6F891C89C5BE00C61D7F /* Resources */,
			);
			buildRules = (
			);
			dependencies = (
				8EDD6F8D1C89C5BF00C61D7F /* PBXTargetDependency */,
			);
			name = "LeetCode-AlgorithmsTests";
			productName = "LeetCode-AlgorithmsTests";
			productReference = 8EDD6F8B1C89C5BF00C61D7F /* LeetCode-AlgorithmsTests.xctest */;
			productType = "com.apple.product-type.bundle.unit-test";
		};
/* End PBXNativeTarget section */

/* Begin PBXProject section */
		8EDD6F6F1C89C5BE00C61D7F /* Project object */ = {
			isa = PBXProject;
			attributes = {
				LastSwiftUpdateCheck = 0720;
				LastUpgradeCheck = 0720;
				ORGANIZATIONNAME = nestorgt;
				TargetAttributes = {
					8EDD6F761C89C5BE00C61D7F = {
						CreatedOnToolsVersion = 7.2.1;
					};
					8EDD6F8A1C89C5BE00C61D7F = {
						CreatedOnToolsVersion = 7.2.1;
						TestTargetID = 8EDD6F761C89C5BE00C61D7F;
					};
				};
			};
			buildConfigurationList = 8EDD6F721C89C5BE00C61D7F /* Build configuration list for PBXProject "LeetCode-Algorithms" */;
			compatibilityVersion = "Xcode 3.2";
			developmentRegion = English;
			hasScannedForEncodings = 0;
			knownRegions = (
				en,
				Base,
			);
			mainGroup = 8EDD6F6E1C89C5BE00C61D7F;
			productRefGroup = 8EDD6F781C89C5BE00C61D7F /* Products */;
			projectDirPath = "";
			projectRoot = "";
			targets = (
				8EDD6F761C89C5BE00C61D7F /* LeetCode-Algorithms */,
				8EDD6F8A1C89C5BE00C61D7F /* LeetCode-AlgorithmsTests */,
			);
		};
/* End PBXProject section */

/* Begin PBXResourcesBuildPhase section */
		8EDD6F751C89C5BE00C61D7F /* Resources */ = {
			isa = PBXResourcesBuildPhase;
			buildActionMask = 2147483647;
			files = (
			);
			runOnlyForDeploymentPostprocessing = 0;
		};
		8EDD6F891C89C5BE00C61D7F /* Resources */ = {
			isa = PBXResourcesBuildPhase;
			buildActionMask = 2147483647;
			files = (
			);
			runOnlyForDeploymentPostprocessing = 0;
		};
/* End PBXResourcesBuildPhase section */

/* Begin PBXSourcesBuildPhase section */
		8EDD6F731C89C5BE00C61D7F /* Sources */ = {
			isa = PBXSourcesBuildPhase;
			buildActionMask = 2147483647;
			files = (
				8EDD6F9B1C8D936900C61D7F /* 001_TwoSum.swift in Sources */,
				8EDD6F7B1C89C5BE00C61D7F /* AppDelegate.swift in Sources */,
			);
			runOnlyForDeploymentPostprocessing = 0;
		};
		8EDD6F871C89C5BE00C61D7F /* Sources */ = {
			isa = PBXSourcesBuildPhase;
			buildActionMask = 2147483647;
			files = (
				8EDD6FA11C8D93DC00C61D7F /* 001_TwoSumTests.swift in Sources */,
			);
			runOnlyForDeploymentPostprocessing = 0;
		};
/* End PBXSourcesBuildPhase section */

/* Begin PBXTargetDependency section */
		8EDD6F8D1C89C5BF00C61D7F /* PBXTargetDependency */ = {
			isa = PBXTargetDependency;
			target = 8EDD6F761C89C5BE00C61D7F /* LeetCode-Algorithms */;
			targetProxy = 8EDD6F8C1C89C5BF00C61D7F /* PBXContainerItemProxy */;
		};
/* End PBXTargetDependency section */

/* Begin XCBuildConfiguration section */
		8EDD6F921C89C5BF00C61D7F /* Debug */ = {
			isa = XCBuildConfiguration;
			buildSettings = {
				ALWAYS_SEARCH_USER_PATHS = NO;
				CLANG_CXX_LANGUAGE_STANDARD = "gnu++0x";
				CLANG_CXX_LIBRARY = "libc++";
				CLANG_ENABLE_MODULES = YES;
				CLANG_ENABLE_OBJC_ARC = YES;
				CLANG_WARN_BOOL_CONVERSION = YES;
				CLANG_WARN_CONSTANT_CONVERSION = YES;
				CLANG_WARN_DIRECT_OBJC_ISA_USAGE = YES_ERROR;
				CLANG_WARN_EMPTY_BODY = YES;
				CLANG_WARN_ENUM_CONVERSION = YES;
				CLANG_WARN_INT_CONVERSION = YES;
				CLANG_WARN_OBJC_ROOT_CLASS = YES_ERROR;
				CLANG_WARN_UNREACHABLE_CODE = YES;
				CLANG_WARN__DUPLICATE_METHOD_MATCH = YES;
				"CODE_SIGN_IDENTITY[sdk=iphoneos*]" = "iPhone Developer";
				COPY_PHASE_STRIP = NO;
				DEBUG_INFORMATION_FORMAT = dwarf;
				ENABLE_STRICT_OBJC_MSGSEND = YES;
				ENABLE_TESTABILITY = YES;
				GCC_C_LANGUAGE_STANDARD = gnu99;
				GCC_DYNAMIC_NO_PIC = NO;
				GCC_NO_COMMON_BLOCKS = YES;
				GCC_OPTIMIZATION_LEVEL = 0;
				GCC_PREPROCESSOR_DEFINITIONS = (
					"DEBUG=1",
					"$(inherited)",
				);
				GCC_WARN_64_TO_32_BIT_CONVERSION = YES;
				GCC_WARN_ABOUT_RETURN_TYPE = YES_ERROR;
				GCC_WARN_UNDECLARED_SELECTOR = YES;
				GCC_WARN_UNINITIALIZED_AUTOS = YES_AGGRESSIVE;
				GCC_WARN_UNUSED_FUNCTION = YES;
				GCC_WARN_UNUSED_VARIABLE = YES;
				IPHONEOS_DEPLOYMENT_TARGET = 9.2;
				MTL_ENABLE_DEBUG_INFO = YES;
				ONLY_ACTIVE_ARCH = YES;
				SDKROOT = iphoneos;
				SWIFT_OPTIMIZATION_LEVEL = "-Onone";
				TARGETED_DEVICE_FAMILY = "1,2";
			};
			name = Debug;
		};
		8EDD6F931C89C5BF00C61D7F /* Release */ = {
			isa = XCBuildConfiguration;
			buildSettings = {
				ALWAYS_SEARCH_USER_PATHS = NO;
				CLANG_CXX_LANGUAGE_STANDARD = "gnu++0x";
				CLANG_CXX_LIBRARY = "libc++";
				CLANG_ENABLE_MODULES = YES;
				CLANG_ENABLE_OBJC_ARC = YES;
				CLANG_WARN_BOOL_CONVERSION = YES;
				CLANG_WARN_CONSTANT_CONVERSION = YES;
				CLANG_WARN_DIRECT_OBJC_ISA_USAGE = YES_ERROR;
				CLANG_WARN_EMPTY_BODY = YES;
				CLANG_WARN_ENUM_CONVERSION = YES;
				CLANG_WARN_INT_CONVERSION = YES;
				CLANG_WARN_OBJC_ROOT_CLASS = YES_ERROR;
				CLANG_WARN_UNREACHABLE_CODE = YES;
				CLANG_WARN__DUPLICATE_METHOD_MATCH = YES;
				"CODE_SIGN_IDENTITY[sdk=iphoneos*]" = "iPhone Developer";
				COPY_PHASE_STRIP = NO;
				DEBUG_INFORMATION_FORMAT = "dwarf-with-dsym";
				ENABLE_NS_ASSERTIONS = NO;
				ENABLE_STRICT_OBJC_MSGSEND = YES;
				GCC_C_LANGUAGE_STANDARD = gnu99;
				GCC_NO_COMMON_BLOCKS = YES;
				GCC_WARN_64_TO_32_BIT_CONVERSION = YES;
				GCC_WARN_ABOUT_RETURN_TYPE = YES_ERROR;
				GCC_WARN_UNDECLARED_SELECTOR = YES;
				GCC_WARN_UNINITIALIZED_AUTOS = YES_AGGRESSIVE;
				GCC_WARN_UNUSED_FUNCTION = YES;
				GCC_WARN_UNUSED_VARIABLE = YES;
				IPHONEOS_DEPLOYMENT_TARGET = 9.2;
				MTL_ENABLE_DEBUG_INFO = NO;
				SDKROOT = iphoneos;
				TARGETED_DEVICE_FAMILY = "1,2";
				VALIDATE_PRODUCT = YES;
			};
			name = Release;
		};
		8EDD6F951C89C5BF00C61D7F /* Debug */ = {
			isa = XCBuildConfiguration;
			buildSettings = {
				ASSETCATALOG_COMPILER_APPICON_NAME = AppIcon;
				INFOPLIST_FILE = "LeetCode-Algorithms/Info.plist";
				LD_RUNPATH_SEARCH_PATHS = "$(inherited) @executable_path/Frameworks";
				PRODUCT_BUNDLE_IDENTIFIER = "com.nestorgt.LeetCode-Algorithms";
				PRODUCT_NAME = "$(TARGET_NAME)";
			};
			name = Debug;
		};
		8EDD6F961C89C5BF00C61D7F /* Release */ = {
			isa = XCBuildConfiguration;
			buildSettings = {
				ASSETCATALOG_COMPILER_APPICON_NAME = AppIcon;
				INFOPLIST_FILE = "LeetCode-Algorithms/Info.plist";
				LD_RUNPATH_SEARCH_PATHS = "$(inherited) @executable_path/Frameworks";
				PRODUCT_BUNDLE_IDENTIFIER = "com.nestorgt.LeetCode-Algorithms";
				PRODUCT_NAME = "$(TARGET_NAME)";
			};
			name = Release;
		};
		8EDD6F981C89C5BF00C61D7F /* Debug */ = {
			isa = XCBuildConfiguration;
			buildSettings = {
				BUNDLE_LOADER = "$(TEST_HOST)";
				CLANG_ENABLE_MODULES = YES;
				INFOPLIST_FILE = "LeetCode-AlgorithmsTests/Info.plist";
				LD_RUNPATH_SEARCH_PATHS = "$(inherited) @executable_path/Frameworks @loader_path/Frameworks";
				PRODUCT_BUNDLE_IDENTIFIER = "com.nestorgt.LeetCode-AlgorithmsTests";
				PRODUCT_NAME = "$(TARGET_NAME)";
				SWIFT_OBJC_BRIDGING_HEADER = "LeetCode-AlgorithmsTests/LeetCode-AlgorithmsTests-Bridging-Header.h";
				SWIFT_OPTIMIZATION_LEVEL = "-Onone";
				TEST_HOST = "$(BUILT_PRODUCTS_DIR)/LeetCode-Algorithms.app/LeetCode-Algorithms";
			};
			name = Debug;
		};
		8EDD6F991C89C5BF00C61D7F /* Release */ = {
			isa = XCBuildConfiguration;
			buildSettings = {
				BUNDLE_LOADER = "$(TEST_HOST)";
				CLANG_ENABLE_MODULES = YES;
				INFOPLIST_FILE = "LeetCode-AlgorithmsTests/Info.plist";
				LD_RUNPATH_SEARCH_PATHS = "$(inherited) @executable_path/Frameworks @loader_path/Frameworks";
				PRODUCT_BUNDLE_IDENTIFIER = "com.nestorgt.LeetCode-AlgorithmsTests";
				PRODUCT_NAME = "$(TARGET_NAME)";
				SWIFT_OBJC_BRIDGING_HEADER = "LeetCode-AlgorithmsTests/LeetCode-AlgorithmsTests-Bridging-Header.h";
				TEST_HOST = "$(BUILT_PRODUCTS_DIR)/LeetCode-Algorithms.app/LeetCode-Algorithms";
			};
			name = Release;
		};
/* End XCBuildConfiguration section */

/* Begin XCConfigurationList section */
		8EDD6F721C89C5BE00C61D7F /* Build configuration list for PBXProject "LeetCode-Algorithms" */ = {
			isa = XCConfigurationList;
			buildConfigurations = (
				8EDD6F921C89C5BF00C61D7F /* Debug */,
				8EDD6F931C89C5BF00C61D7F /* Release */,
			);
			defaultConfigurationIsVisible = 0;
			defaultConfigurationName = Release;
		};
		8EDD6F941C89C5BF00C61D7F /* Build configuration list for PBXNativeTarget "LeetCode-Algorithms" */ = {
			isa = XCConfigurationList;
			buildConfigurations = (
				8EDD6F951C89C5BF00C61D7F /* Debug */,
				8EDD6F961C89C5BF00C61D7F /* Release */,
			);
			defaultConfigurationIsVisible = 0;
			defaultConfigurationName = Release;
		};
		8EDD6F971C89C5BF00C61D7F /* Build configuration list for PBXNativeTarget "LeetCode-AlgorithmsTests" */ = {
			isa = XCConfigurationList;
			buildConfigurations = (
				8EDD6F981C89C5BF00C61D7F /* Debug */,
				8EDD6F991C89C5BF00C61D7F /* Release */,
			);
			defaultConfigurationIsVisible = 0;
			defaultConfigurationName = Release;
		};
/* End XCConfigurationList section */
	};
	rootObject = 8EDD6F6F1C89C5BE00C61D7F /* Project object */;
}
